
Microsoft Visual Studio Solution File, Format Version 12.00
# Visual Studio Version 17
VisualStudioVersion = 17.11.35312.102
MinimumVisualStudioVersion = 10.0.40219.1
Project("{FAE04EC0-301F-11D3-BF4B-00C04F79EFBC}") = "QuanLyCuaHangBanXeDap", "QuanLyCuaHangBanXeDap\QuanLyCuaHangBanXeDap.csproj", "{AD62B613-ED0A-4C8C-9B01-9E642D47F694}"
EndProject
Global
	GlobalSection(SolutionConfigurationPlatforms) = preSolution
		Debug|Any CPU = Debug|Any CPU
		Release|Any CPU = Release|Any CPU
	EndGlobalSection
	GlobalSection(ProjectConfigurationPlatforms) = postSolution
		{AD62B613-ED0A-4C8C-9B01-9E642D47F694}.Debug|Any CPU.ActiveCfg = Debug|Any CPU
		{AD62B613-ED0A-4C8C-9B01-9E642D47F694}.Debug|Any CPU.Build.0 = Debug|Any CPU
		{AD62B613-ED0A-4C8C-9B01-9E642D47F694}.Release|Any CPU.ActiveCfg = Release|Any CPU
		{AD62B613-ED0A-4C8C-9B01-9E642D47F694}.Release|Any CPU.Build.0 = Release|Any CPU
	EndGlobalSection
	GlobalSection(SolutionProperties) = preSolution
		HideSolutionNode = FALSE
	EndGlobalSection
	GlobalSection(ExtensibilityGlobals) = postSolution
		SolutionGuid = {7D30C8AE-62E3-498A-81EE-DCC2F2AADA49}
	EndGlobalSection
EndGlobal
